
Microsoft Visual Studio Solution File, Format Version 12.00
# Visual Studio Version 16
VisualStudioVersion = 16.0.30204.135
MinimumVisualStudioVersion = 10.0.40219.1
Project("{9A19103F-16F7-4668-BE54-9A1E7A4F7556}") = "Prestamo_API", "Prestamo_API\Prestamo_API.csproj", "{07F50962-FD34-4ADC-956B-B38D44350E09}"
EndProject
Project("{FAE04EC0-301F-11D3-BF4B-00C04F79EFBC}") = "PrestamoWebAPI", "PrestamoWebAPI\PrestamoWebAPI.csproj", "{B75DCB35-CF78-4E51-9CE8-C0D9B45F2029}"
EndProject
Global
	GlobalSection(SolutionConfigurationPlatforms) = preSolution
		Debug|Any CPU = Debug|Any CPU
		Release|Any CPU = Release|Any CPU
	EndGlobalSection
	GlobalSection(ProjectConfigurationPlatforms) = postSolution
		{07F50962-FD34-4ADC-956B-B38D44350E09}.Debug|Any CPU.ActiveCfg = Debug|Any CPU
		{07F50962-FD34-4ADC-956B-B38D44350E09}.Debug|Any CPU.Build.0 = Debug|Any CPU
		{07F50962-FD34-4ADC-956B-B38D44350E09}.Release|Any CPU.ActiveCfg = Release|Any CPU
		{07F50962-FD34-4ADC-956B-B38D44350E09}.Release|Any CPU.Build.0 = Release|Any CPU
		{B75DCB35-CF78-4E51-9CE8-C0D9B45F2029}.Debug|Any CPU.ActiveCfg = Debug|Any CPU
		{B75DCB35-CF78-4E51-9CE8-C0D9B45F2029}.Debug|Any CPU.Build.0 = Debug|Any CPU
		{B75DCB35-CF78-4E51-9CE8-C0D9B45F2029}.Release|Any CPU.ActiveCfg = Release|Any CPU
		{B75DCB35-CF78-4E51-9CE8-C0D9B45F2029}.Release|Any CPU.Build.0 = Release|Any CPU
	EndGlobalSection
	GlobalSection(SolutionProperties) = preSolution
		HideSolutionNode = FALSE
	EndGlobalSection
	GlobalSection(ExtensibilityGlobals) = postSolution
		SolutionGuid = {DB6675D5-D3BC-472C-895E-6B49D24F1FF4}
	EndGlobalSection
EndGlobal
